
Microsoft Visual Studio Solution File, Format Version 12.00
# Visual Studio Version 17
VisualStudioVersion = 17.8.34525.116
MinimumVisualStudioVersion = 10.0.40219.1
Project("{FAE04EC0-301F-11D3-BF4B-00C04F79EFBC}") = "MediTrack", "MediTrack.csproj", "{4BBFAE36-0302-4EEC-BEF5-7BB2F9D3DCF4}"
EndProject
Global
	GlobalSection(SolutionConfigurationPlatforms) = preSolution
		Debug|Any CPU = Debug|Any CPU
		Release|Any CPU = Release|Any CPU
	EndGlobalSection
	GlobalSection(ProjectConfigurationPlatforms) = postSolution
		{4BBFAE36-0302-4EEC-BEF5-7BB2F9D3DCF4}.Debug|Any CPU.ActiveCfg = Debug|Any CPU
		{4BBFAE36-0302-4EEC-BEF5-7BB2F9D3DCF4}.Debug|Any CPU.Build.0 = Debug|Any CPU
		{4BBFAE36-0302-4EEC-BEF5-7BB2F9D3DCF4}.Release|Any CPU.ActiveCfg = Release|Any CPU
		{4BBFAE36-0302-4EEC-BEF5-7BB2F9D3DCF4}.Release|Any CPU.Build.0 = Release|Any CPU
	EndGlobalSection
	GlobalSection(SolutionProperties) = preSolution
		HideSolutionNode = FALSE
	EndGlobalSection
	GlobalSection(ExtensibilityGlobals) = postSolution
		SolutionGuid = {61DF1A57-D3E8-47B7-9035-B229F13AF4AD}
	EndGlobalSection
EndGlobal
